
Microsoft Visual Studio Solution File, Format Version 12.00
# Visual Studio Version 17
VisualStudioVersion = 17.13.35825.156 d17.13
MinimumVisualStudioVersion = 10.0.40219.1
Project("{FAE04EC0-301F-11D3-BF4B-00C04F79EFBC}") = "Word Doc Beautifier", "Word Doc Beautifier.csproj", "{EB98A548-96B9-4080-BD0B-C66AD0531CF4}"
EndProject
Global
	GlobalSection(SolutionConfigurationPlatforms) = preSolution
		Debug|Any CPU = Debug|Any CPU
		Release|Any CPU = Release|Any CPU
	EndGlobalSection
	GlobalSection(ProjectConfigurationPlatforms) = postSolution
		{EB98A548-96B9-4080-BD0B-C66AD0531CF4}.Debug|Any CPU.ActiveCfg = Debug|Any CPU
		{EB98A548-96B9-4080-BD0B-C66AD0531CF4}.Debug|Any CPU.Build.0 = Debug|Any CPU
		{EB98A548-96B9-4080-BD0B-C66AD0531CF4}.Release|Any CPU.ActiveCfg = Release|Any CPU
		{EB98A548-96B9-4080-BD0B-C66AD0531CF4}.Release|Any CPU.Build.0 = Release|Any CPU
	EndGlobalSection
	GlobalSection(SolutionProperties) = preSolution
		HideSolutionNode = FALSE
	EndGlobalSection
	GlobalSection(ExtensibilityGlobals) = postSolution
		SolutionGuid = {601904A8-6986-4A8E-9467-286269CD09E5}
	EndGlobalSection
EndGlobal
